// !$*UTF8*$!
{
	archiveVersion = 1;
	classes = {
	};
	objectVersion = 48;
	objects = {

/* Begin PBXBuildFile section */
		4550720A1F876C3000050329 /* SlideDownAnimator.swift in Sources */ = {isa = PBXBuildFile; fileRef = 455072091F876C3000050329 /* SlideDownAnimator.swift */; };
		4550720C1F8777E600050329 /* SlideRightAnimator.swift in Sources */ = {isa = PBXBuildFile; fileRef = 4550720B1F8777E600050329 /* SlideRightAnimator.swift */; };
		459A94DF1F875F3C00C00B99 /* AppDelegate.swift in Sources */ = {isa = PBXBuildFile; fileRef = 459A94DE1F875F3C00C00B99 /* AppDelegate.swift */; };
		459A94E11F875F3C00C00B99 /* MenuViewController.swift in Sources */ = {isa = PBXBuildFile; fileRef = 459A94E01F875F3C00C00B99 /* MenuViewController.swift */; };
		459A94E41F875F3C00C00B99 /* Main.storyboard in Resources */ = {isa = PBXBuildFile; fileRef = 459A94E21F875F3C00C00B99 /* Main.storyboard */; };
		459A94E61F875F3C00C00B99 /* Assets.xcassets in Resources */ = {isa = PBXBuildFile; fileRef = 459A94E51F875F3C00C00B99 /* Assets.xcassets */; };
		459A94E91F875F3C00C00B99 /* LaunchScreen.storyboard in Resources */ = {isa = PBXBuildFile; fileRef = 459A94E71F875F3C00C00B99 /* LaunchScreen.storyboard */; };
		459A94F41F87625B00C00B99 /* MenuCell.swift in Sources */ = {isa = PBXBuildFile; fileRef = 459A94F31F87625B00C00B99 /* MenuCell.swift */; };
		459A94F61F87671200C00B99 /* DetailViewController.swift in Sources */ = {isa = PBXBuildFile; fileRef = 459A94F51F87671200C00B99 /* DetailViewController.swift */; };
/* End PBXBuildFile section */

/* Begin PBXFileReference section */
		455072091F876C3000050329 /* SlideDownAnimator.swift */ = {isa = PBXFileReference; lastKnownFileType = sourcecode.swift; path = SlideDownAnimator.swift; sourceTree = "<group>"; };
		4550720B1F8777E600050329 /* SlideRightAnimator.swift */ = {isa = PBXFileReference; lastKnownFileType = sourcecode.swift; path = SlideRightAnimator.swift; sourceTree = "<group>"; };
		459A94DB1F875F3C00C00B99 /* ViewControllerTransitions.app */ = {isa = PBXFileReference; explicitFileType = wrapper.application; includeInIndex = 0; path = ViewControllerTransitions.app; sourceTree = BUILT_PRODUCTS_DIR; };
		459A94DE1F875F3C00C00B99 /* AppDelegate.swift */ = {isa = PBXFileReference; lastKnownFileType = sourcecode.swift; path = AppDelegate.swift; sourceTree = "<group>"; };
		459A94E01F875F3C00C00B99 /* MenuViewController.swift */ = {isa = PBXFileReference; lastKnownFileType = sourcecode.swift; path = MenuViewController.swift; sourceTree = "<group>"; };
		459A94E31F875F3C00C00B99 /* Base */ = {isa = PBXFileReference; lastKnownFileType = file.storyboard; name = Base; path = Base.lproj/Main.storyboard; sourceTree = "<group>"; };
		459A94E51F875F3C00C00B99 /* Assets.xcassets */ = {isa = PBXFileReference; lastKnownFileType = folder.assetcatalog; path = Assets.xcassets; sourceTree = "<group>"; };
		459A94E81F875F3C00C00B99 /* Base */ = {isa = PBXFileReference; lastKnownFileType = file.storyboard; name = Base; path = Base.lproj/LaunchScreen.storyboard; sourceTree = "<group>"; };
		459A94EA1F875F3C00C00B99 /* Info.plist */ = {isa = PBXFileReference; lastKnownFileType = text.plist.xml; path = Info.plist; sourceTree = "<group>"; };
		459A94F31F87625B00C00B99 /* MenuCell.swift */ = {isa = PBXFileReference; lastKnownFileType = sourcecode.swift; path = MenuCell.swift; sourceTree = "<group>"; };
		459A94F51F87671200C00B99 /* DetailViewController.swift */ = {isa = PBXFileReference; lastKnownFileType = sourcecode.swift; path = DetailViewController.swift; sourceTree = "<group>"; };
/* End PBXFileReference section */

/* Begin PBXFrameworksBuildPhase section */
		459A94D81F875F3C00C00B99 /* Frameworks */ = {
			isa = PBXFrameworksBuildPhase;
			buildActionMask = 2147483647;
			files = (
			);
			runOnlyForDeploymentPostprocessing = 0;
		};
/* End PBXFrameworksBuildPhase section */

/* Begin PBXGroup section */
		455072081F876C1000050329 /* TransitionAnimators */ = {
			isa = PBXGroup;
			children = (
				455072091F876C3000050329 /* SlideDownAnimator.swift */,
				4550720B1F8777E600050329 /* SlideRightAnimator.swift */,
			);
			path = TransitionAnimators;
			sourceTree = "<group>";
		};
		459A94D21F875F3C00C00B99 = {
			isa = PBXGroup;
			children = (
				459A94DD1F875F3C00C00B99 /* ViewControllerTransitions */,
				459A94DC1F875F3C00C00B99 /* Products */,
			);
			sourceTree = "<group>";
		};
		459A94DC1F875F3C00C00B99 /* Products */ = {
			isa = PBXGroup;
			children = (
				459A94DB1F875F3C00C00B99 /* ViewControllerTransitions.app */,
			);
			name = Products;
			sourceTree = "<group>";
		};
		459A94DD1F875F3C00C00B99 /* ViewControllerTransitions */ = {
			isa = PBXGroup;
			children = (
				459A94F01F875F5600C00B99 /* Resources */,
				459A94F11F875F6100C00B99 /* View */,
				455072081F876C1000050329 /* TransitionAnimators */,
				459A94F21F875F6800C00B99 /* Controller */,
			);
			path = ViewControllerTransitions;
			sourceTree = "<group>";
		};
		459A94F01F875F5600C00B99 /* Resources */ = {
			isa = PBXGroup;
			children = (
				459A94EA1F875F3C00C00B99 /* Info.plist */,
				459A94E51F875F3C00C00B99 /* Assets.xcassets */,
			);
			path = Resources;
			sourceTree = "<group>";
		};
		459A94F11F875F6100C00B99 /* View */ = {
			isa = PBXGroup;
			children = (
				459A94E71F875F3C00C00B99 /* LaunchScreen.storyboard */,
				459A94E21F875F3C00C00B99 /* Main.storyboard */,
				459A94F31F87625B00C00B99 /* MenuCell.swift */,
			);
			path = View;
			sourceTree = "<group>";
		};
		459A94F21F875F6800C00B99 /* Controller */ = {
			isa = PBXGroup;
			children = (
				459A94DE1F875F3C00C00B99 /* AppDelegate.swift */,
				459A94E01F875F3C00C00B99 /* MenuViewController.swift */,
				459A94F51F87671200C00B99 /* DetailViewController.swift */,
			);
			path = Controller;
			sourceTree = "<group>";
		};
/* End PBXGroup section */

/* Begin PBXNativeTarget section */
		459A94DA1F875F3C00C00B99 /* ViewControllerTransitions */ = {
			isa = PBXNativeTarget;
			buildConfigurationList = 459A94ED1F875F3C00C00B99 /* Build configuration list for PBXNativeTarget "ViewControllerTransitions" */;
			buildPhases = (
				459A94D71F875F3C00C00B99 /* Sources */,
				459A94D81F875F3C00C00B99 /* Frameworks */,
				459A94D91F875F3C00C00B99 /* Resources */,
			);
			buildRules = (
			);
			dependencies = (
			);
			name = ViewControllerTransitions;
			productName = ViewControllerTransitions;
			productReference = 459A94DB1F875F3C00C00B99 /* ViewControllerTransitions.app */;
			productType = "com.apple.product-type.application";
		};
/* End PBXNativeTarget section */

/* Begin PBXProject section */
		459A94D31F875F3C00C00B99 /* Project object */ = {
			isa = PBXProject;
			attributes = {
				LastSwiftUpdateCheck = 0900;
				LastUpgradeCheck = 0900;
				ORGANIZATIONNAME = "Chris Huang";
				TargetAttributes = {
					459A94DA1F875F3C00C00B99 = {
						CreatedOnToolsVersion = 9.0;
						ProvisioningStyle = Automatic;
					};
				};
			};
			buildConfigurationList = 459A94D61F875F3C00C00B99 /* Build configuration list for PBXProject "ViewControllerTransitions" */;
			compatibilityVersion = "Xcode 8.0";
			developmentRegion = en;
			hasScannedForEncodings = 0;
			knownRegions = (
				en,
				Base,
			);
			mainGroup = 459A94D21F875F3C00C00B99;
			productRefGroup = 459A94DC1F875F3C00C00B99 /* Products */;
			projectDirPath = "";
			projectRoot = "";
			targets = (
				459A94DA1F875F3C00C00B99 /* ViewControllerTransitions */,
			);
		};
/* End PBXProject section */

/* Begin PBXResourcesBuildPhase section */
		459A94D91F875F3C00C00B99 /* Resources */ = {
			isa = PBXResourcesBuildPhase;
			buildActionMask = 2147483647;
			files = (
				459A94E91F875F3C00C00B99 /* LaunchScreen.storyboard in Resources */,
				459A94E61F875F3C00C00B99 /* Assets.xcassets in Resources */,
				459A94E41F875F3C00C00B99 /* Main.storyboard in Resources */,
			);
			runOnlyForDeploymentPostprocessing = 0;
		};
/* End PBXResourcesBuildPhase section */

/* Begin PBXSourcesBuildPhase section */
		459A94D71F875F3C00C00B99 /* Sources */ = {
			isa = PBXSourcesBuildPhase;
			buildActionMask = 2147483647;
			files = (
				459A94E11F875F3C00C00B99 /* MenuViewController.swift in Sources */,
				4550720C1F8777E600050329 /* SlideRightAnimator.swift in Sources */,
				459A94DF1F875F3C00C00B99 /* AppDelegate.swift in Sources */,
				459A94F41F87625B00C00B99 /* MenuCell.swift in Sources */,
				459A94F61F87671200C00B99 /* DetailViewController.swift in Sources */,
				4550720A1F876C3000050329 /* SlideDownAnimator.swift in Sources */,
			);
			runOnlyForDeploymentPostprocessing = 0;
		};
/* End PBXSourcesBuildPhase section */

/* Begin PBXVariantGroup section */
		459A94E21F875F3C00C00B99 /* Main.storyboard */ = {
			isa = PBXVariantGroup;
			children = (
				459A94E31F875F3C00C00B99 /* Base */,
			);
			name = Main.storyboard;
			sourceTree = "<group>";
		};
		459A94E71F875F3C00C00B99 /* LaunchScreen.storyboard */ = {
			isa = PBXVariantGroup;
			children = (
				459A94E81F875F3C00C00B99 /* Base */,
			);
			name = LaunchScreen.storyboard;
			sourceTree = "<group>";
		};
/* End PBXVariantGroup section */

/* Begin XCBuildConfiguration section */
		459A94EB1F875F3C00C00B99 /* Debug */ = {
			isa = XCBuildConfiguration;
			buildSettings = {
				ALWAYS_SEARCH_USER_PATHS = NO;
				CLANG_ANALYZER_NONNULL = YES;
				CLANG_ANALYZER_NUMBER_OBJECT_CONVERSION = YES_AGGRESSIVE;
				CLANG_CXX_LANGUAGE_STANDARD = "gnu++14";
				CLANG_CXX_LIBRARY = "libc++";
				CLANG_ENABLE_MODULES = YES;
				CLANG_ENABLE_OBJC_ARC = YES;
				CLANG_WARN_BLOCK_CAPTURE_AUTORELEASING = YES;
				CLANG_WARN_BOOL_CONVERSION = YES;
				CLANG_WARN_COMMA = YES;
				CLANG_WARN_CONSTANT_CONVERSION = YES;
				CLANG_WARN_DIRECT_OBJC_ISA_USAGE = YES_ERROR;
				CLANG_WARN_DOCUMENTATION_COMMENTS = YES;
				CLANG_WARN_EMPTY_BODY = YES;
				CLANG_WARN_ENUM_CONVERSION = YES;
				CLANG_WARN_INFINITE_RECURSION = YES;
				CLANG_WARN_INT_CONVERSION = YES;
				CLANG_WARN_NON_LITERAL_NULL_CONVERSION = YES;
				CLANG_WARN_OBJC_LITERAL_CONVERSION = YES;
				CLANG_WARN_OBJC_ROOT_CLASS = YES_ERROR;
				CLANG_WARN_RANGE_LOOP_ANALYSIS = YES;
				CLANG_WARN_STRICT_PROTOTYPES = YES;
				CLANG_WARN_SUSPICIOUS_MOVE = YES;
				CLANG_WARN_UNGUARDED_AVAILABILITY = YES_AGGRESSIVE;
				CLANG_WARN_UNREACHABLE_CODE = YES;
				CLANG_WARN__DUPLICATE_METHOD_MATCH = YES;
				CODE_SIGN_IDENTITY = "iPhone Developer";
				COPY_PHASE_STRIP = NO;
				DEBUG_INFORMATION_FORMAT = dwarf;
				ENABLE_STRICT_OBJC_MSGSEND = YES;
				ENABLE_TESTABILITY = YES;
				GCC_C_LANGUAGE_STANDARD = gnu11;
				GCC_DYNAMIC_NO_PIC = NO;
				GCC_NO_COMMON_BLOCKS = YES;
				GCC_OPTIMIZATION_LEVEL = 0;
				GCC_PREPROCESSOR_DEFINITIONS = (
					"DEBUG=1",
					"$(inherited)",
				);
				GCC_WARN_64_TO_32_BIT_CONVERSION = YES;
				GCC_WARN_ABOUT_RETURN_TYPE = YES_ERROR;
				GCC_WARN_UNDECLARED_SELECTOR = YES;
				GCC_WARN_UNINITIALIZED_AUTOS = YES_AGGRESSIVE;
				GCC_WARN_UNUSED_FUNCTION = YES;
				GCC_WARN_UNUSED_VARIABLE = YES;
				IPHONEOS_DEPLOYMENT_TARGET = 11.0;
				MTL_ENABLE_DEBUG_INFO = YES;
				ONLY_ACTIVE_ARCH = YES;
				SDKROOT = iphoneos;
				SWIFT_ACTIVE_COMPILATION_CONDITIONS = DEBUG;
				SWIFT_OPTIMIZATION_LEVEL = "-Onone";
			};
			name = Debug;
		};
		459A94EC1F875F3C00C00B99 /* Release */ = {
			isa = XCBuildConfiguration;
			buildSettings = {
				ALWAYS_SEARCH_USER_PATHS = NO;
				CLANG_ANALYZER_NONNULL = YES;
				CLANG_ANALYZER_NUMBER_OBJECT_CONVERSION = YES_AGGRESSIVE;
				CLANG_CXX_LANGUAGE_STANDARD = "gnu++14";
				CLANG_CXX_LIBRARY = "libc++";
				CLANG_ENABLE_MODULES = YES;
				CLANG_ENABLE_OBJC_ARC = YES;
				CLANG_WARN_BLOCK_CAPTURE_AUTORELEASING = YES;
				CLANG_WARN_BOOL_CONVERSION = YES;
				CLANG_WARN_COMMA = YES;
				CLANG_WARN_CONSTANT_CONVERSION = YES;
				CLANG_WARN_DIRECT_OBJC_ISA_USAGE = YES_ERROR;
				CLANG_WARN_DOCUMENTATION_COMMENTS = YES;
				CLANG_WARN_EMPTY_BODY = YES;
				CLANG_WARN_ENUM_CONVERSION = YES;
				CLANG_WARN_INFINITE_RECURSION = YES;
				CLANG_WARN_INT_CONVERSION = YES;
				CLANG_WARN_NON_LITERAL_NULL_CONVERSION = YES;
				CLANG_WARN_OBJC_LITERAL_CONVERSION = YES;
				CLANG_WARN_OBJC_ROOT_CLASS = YES_ERROR;
				CLANG_WARN_RANGE_LOOP_ANALYSIS = YES;
				CLANG_WARN_STRICT_PROTOTYPES = YES;
				CLANG_WARN_SUSPICIOUS_MOVE = YES;
				CLANG_WARN_UNGUARDED_AVAILABILITY = YES_AGGRESSIVE;
				CLANG_WARN_UNREACHABLE_CODE = YES;
				CLANG_WARN__DUPLICATE_METHOD_MATCH = YES;
				CODE_SIGN_IDENTITY = "iPhone Developer";
				COPY_PHASE_STRIP = NO;
				DEBUG_INFORMATION_FORMAT = "dwarf-with-dsym";
				ENABLE_NS_ASSERTIONS = NO;
				ENABLE_STRICT_OBJC_MSGSEND = YES;
				GCC_C_LANGUAGE_STANDARD = gnu11;
				GCC_NO_COMMON_BLOCKS = YES;
				GCC_WARN_64_TO_32_BIT_CONVERSION = YES;
				GCC_WARN_ABOUT_RETURN_TYPE = YES_ERROR;
				GCC_WARN_UNDECLARED_SELECTOR = YES;
				GCC_WARN_UNINITIALIZED_AUTOS = YES_AGGRESSIVE;
				GCC_WARN_UNUSED_FUNCTION = YES;
				GCC_WARN_UNUSED_VARIABLE = YES;
				IPHONEOS_DEPLOYMENT_TARGET = 11.0;
				MTL_ENABLE_DEBUG_INFO = NO;
				SDKROOT = iphoneos;
				SWIFT_OPTIMIZATION_LEVEL = "-Owholemodule";
				VALIDATE_PRODUCT = YES;
			};
			name = Release;
		};
		459A94EE1F875F3C00C00B99 /* Debug */ = {
			isa = XCBuildConfiguration;
			buildSettings = {
				ASSETCATALOG_COMPILER_APPICON_NAME = AppIcon;
				CODE_SIGN_STYLE = Automatic;
				DEVELOPMENT_TEAM = 9H46LQG73T;
				INFOPLIST_FILE = "$(SRCROOT)/ViewControllerTransitions/Resources/Info.plist";
				LD_RUNPATH_SEARCH_PATHS = "$(inherited) @executable_path/Frameworks";
				PRODUCT_BUNDLE_IDENTIFIER = com.DevXris.ViewControllerTransitions;
				PRODUCT_NAME = "$(TARGET_NAME)";
				SWIFT_VERSION = 4.0;
				TARGETED_DEVICE_FAMILY = "1,2";
			};
			name = Debug;
		};
		459A94EF1F875F3C00C00B99 /* Release */ = {
			isa = XCBuildConfiguration;
			buildSettings = {
				ASSETCATALOG_COMPILER_APPICON_NAME = AppIcon;
				CODE_SIGN_STYLE = Automatic;
				DEVELOPMENT_TEAM = 9H46LQG73T;
				INFOPLIST_FILE = "$(SRCROOT)/ViewControllerTransitions/Resources/Info.plist";
				LD_RUNPATH_SEARCH_PATHS = "$(inherited) @executable_path/Frameworks";
				PRODUCT_BUNDLE_IDENTIFIER = com.DevXris.ViewControllerTransitions;
				PRODUCT_NAME = "$(TARGET_NAME)";
				SWIFT_VERSION = 4.0;
				TARGETED_DEVICE_FAMILY = "1,2";
			};
			name = Release;
		};
/* End XCBuildConfiguration section */

/* Begin XCConfigurationList section */
		459A94D61F875F3C00C00B99 /* Build configuration list for PBXProject "ViewControllerTransitions" */ = {
			isa = XCConfigurationList;
			buildConfigurations = (
				459A94EB1F875F3C00C00B99 /* Debug */,
				459A94EC1F875F3C00C00B99 /* Release */,
			);
			defaultConfigurationIsVisible = 0;
			defaultConfigurationName = Release;
		};
		459A94ED1F875F3C00C00B99 /* Build configuration list for PBXNativeTarget "ViewControllerTransitions" */ = {
			isa = XCConfigurationList;
			buildConfigurations = (
				459A94EE1F875F3C00C00B99 /* Debug */,
				459A94EF1F875F3C00C00B99 /* Release */,
			);
			defaultConfigurationIsVisible = 0;
			defaultConfigurationName = Release;
		};
/* End XCConfigurationList section */
	};
	rootObject = 459A94D31F875F3C00C00B99 /* Project object */;
}
